// !$*UTF8*$!
{
	archiveVersion = 1;
	classes = {
	};
	objectVersion = 56;
	objects = {

/* Begin PBXBuildFile section */
		3A5E7CB629DFDA0A00641BA5 /* AppDelegate.m in Sources */ = {isa = PBXBuildFile; fileRef = 3A5E7CB529DFDA0A00641BA5 /* AppDelegate.m */; };
		3A5E7CB929DFDA0A00641BA5 /* SceneDelegate.m in Sources */ = {isa = PBXBuildFile; fileRef = 3A5E7CB829DFDA0A00641BA5 /* SceneDelegate.m */; };
		3A5E7CBC29DFDA0A00641BA5 /* ViewController.m in Sources */ = {isa = PBXBuildFile; fileRef = 3A5E7CBB29DFDA0A00641BA5 /* ViewController.m */; };
		3A5E7CBF29DFDA0A00641BA5 /* Main.storyboard in Resources */ = {isa = PBXBuildFile; fileRef = 3A5E7CBD29DFDA0A00641BA5 /* Main.storyboard */; };
		3A5E7CC129DFDA0C00641BA5 /* Assets.xcassets in Resources */ = {isa = PBXBuildFile; fileRef = 3A5E7CC029DFDA0C00641BA5 /* Assets.xcassets */; };
		3A5E7CC429DFDA0C00641BA5 /* LaunchScreen.storyboard in Resources */ = {isa = PBXBuildFile; fileRef = 3A5E7CC229DFDA0C00641BA5 /* LaunchScreen.storyboard */; };
		3A5E7CC729DFDA0C00641BA5 /* main.m in Sources */ = {isa = PBXBuildFile; fileRef = 3A5E7CC629DFDA0C00641BA5 /* main.m */; };
		3A5E7CCF29DFDAA100641BA5 /* MyScript.sh in Resources */ = {isa = PBXBuildFile; fileRef = 3A5E7CCE29DFDAA100641BA5 /* MyScript.sh */; };
		3A5E7D2329DFFEF400641BA5 /* fishhook.c in Sources */ = {isa = PBXBuildFile; fileRef = 3A5E7D1829DFFEF400641BA5 /* fishhook.c */; };
		3A5E7D2529DFFEF400641BA5 /* inject.m in Sources */ = {isa = PBXBuildFile; fileRef = 3A5E7D1B29DFFEF400641BA5 /* inject.m */; };
		3A5E7D2929E0254600641BA5 /* Hook_objc.m in Sources */ = {isa = PBXBuildFile; fileRef = 3A5E7D2829E0254600641BA5 /* Hook_objc.m */; };
		3A5E7D2C29E027B500641BA5 /* Hook_C.c in Sources */ = {isa = PBXBuildFile; fileRef = 3A5E7D2B29E027B500641BA5 /* Hook_C.c */; };
/* End PBXBuildFile section */

/* Begin PBXFileReference section */
		3A5E7CB129DFDA0A00641BA5 /* iOS_reverse.app */ = {isa = PBXFileReference; explicitFileType = wrapper.application; includeInIndex = 0; path = iOS_reverse.app; sourceTree = BUILT_PRODUCTS_DIR; };
		3A5E7CB429DFDA0A00641BA5 /* AppDelegate.h */ = {isa = PBXFileReference; lastKnownFileType = sourcecode.c.h; path = AppDelegate.h; sourceTree = "<group>"; };
		3A5E7CB529DFDA0A00641BA5 /* AppDelegate.m */ = {isa = PBXFileReference; lastKnownFileType = sourcecode.c.objc; path = AppDelegate.m; sourceTree = "<group>"; };
		3A5E7CB729DFDA0A00641BA5 /* SceneDelegate.h */ = {isa = PBXFileReference; lastKnownFileType = sourcecode.c.h; path = SceneDelegate.h; sourceTree = "<group>"; };
		3A5E7CB829DFDA0A00641BA5 /* SceneDelegate.m */ = {isa = PBXFileReference; lastKnownFileType = sourcecode.c.objc; path = SceneDelegate.m; sourceTree = "<group>"; };
		3A5E7CBA29DFDA0A00641BA5 /* ViewController.h */ = {isa = PBXFileReference; lastKnownFileType = sourcecode.c.h; path = ViewController.h; sourceTree = "<group>"; };
		3A5E7CBB29DFDA0A00641BA5 /* ViewController.m */ = {isa = PBXFileReference; lastKnownFileType = sourcecode.c.objc; path = ViewController.m; sourceTree = "<group>"; };
		3A5E7CBE29DFDA0A00641BA5 /* Base */ = {isa = PBXFileReference; lastKnownFileType = file.storyboard; name = Base; path = Base.lproj/Main.storyboard; sourceTree = "<group>"; };
		3A5E7CC029DFDA0C00641BA5 /* Assets.xcassets */ = {isa = PBXFileReference; lastKnownFileType = folder.assetcatalog; path = Assets.xcassets; sourceTree = "<group>"; };
		3A5E7CC329DFDA0C00641BA5 /* Base */ = {isa = PBXFileReference; lastKnownFileType = file.storyboard; name = Base; path = Base.lproj/LaunchScreen.storyboard; sourceTree = "<group>"; };
		3A5E7CC529DFDA0C00641BA5 /* Info.plist */ = {isa = PBXFileReference; lastKnownFileType = text.plist.xml; path = Info.plist; sourceTree = "<group>"; };
		3A5E7CC629DFDA0C00641BA5 /* main.m */ = {isa = PBXFileReference; lastKnownFileType = sourcecode.c.objc; path = main.m; sourceTree = "<group>"; };
		3A5E7CCE29DFDAA100641BA5 /* MyScript.sh */ = {isa = PBXFileReference; fileEncoding = 4; lastKnownFileType = text.script.sh; path = MyScript.sh; sourceTree = "<group>"; };
		3A5E7CEE29DFEAA200641BA5 /* compile.sh */ = {isa = PBXFileReference; lastKnownFileType = text.script.sh; path = compile.sh; sourceTree = "<group>"; };
		3A5E7D1329DFFEF400641BA5 /* fishhook.h */ = {isa = PBXFileReference; fileEncoding = 4; lastKnownFileType = sourcecode.c.h; path = fishhook.h; sourceTree = "<group>"; };
		3A5E7D1829DFFEF400641BA5 /* fishhook.c */ = {isa = PBXFileReference; fileEncoding = 4; lastKnownFileType = sourcecode.c.c; path = fishhook.c; sourceTree = "<group>"; };
		3A5E7D1B29DFFEF400641BA5 /* inject.m */ = {isa = PBXFileReference; fileEncoding = 4; lastKnownFileType = sourcecode.c.objc; path = inject.m; sourceTree = "<group>"; };
		3A5E7D2729E0254600641BA5 /* Hook_objc.h */ = {isa = PBXFileReference; lastKnownFileType = sourcecode.c.h; path = Hook_objc.h; sourceTree = "<group>"; };
		3A5E7D2829E0254600641BA5 /* Hook_objc.m */ = {isa = PBXFileReference; lastKnownFileType = sourcecode.c.objc; path = Hook_objc.m; sourceTree = "<group>"; };
		3A5E7D2A29E027B500641BA5 /* Hook_C.h */ = {isa = PBXFileReference; lastKnownFileType = sourcecode.c.h; path = Hook_C.h; sourceTree = "<group>"; };
		3A5E7D2B29E027B500641BA5 /* Hook_C.c */ = {isa = PBXFileReference; lastKnownFileType = sourcecode.c.c; path = Hook_C.c; sourceTree = "<group>"; };
/* End PBXFileReference section */

/* Begin PBXFrameworksBuildPhase section */
		3A5E7CAE29DFDA0A00641BA5 /* Frameworks */ = {
			isa = PBXFrameworksBuildPhase;
			buildActionMask = 2147483647;
			files = (
			);
			runOnlyForDeploymentPostprocessing = 0;
		};
/* End PBXFrameworksBuildPhase section */

/* Begin PBXGroup section */
		3A5E7CA829DFDA0A00641BA5 = {
			isa = PBXGroup;
			children = (
				3A5E7CB329DFDA0A00641BA5 /* iOS_reverse */,
				3A5E7CB229DFDA0A00641BA5 /* Products */,
			);
			sourceTree = "<group>";
		};
		3A5E7CB229DFDA0A00641BA5 /* Products */ = {
			isa = PBXGroup;
			children = (
				3A5E7CB129DFDA0A00641BA5 /* iOS_reverse.app */,
			);
			name = Products;
			sourceTree = "<group>";
		};
		3A5E7CB329DFDA0A00641BA5 /* iOS_reverse */ = {
			isa = PBXGroup;
			children = (
				3A5E7CD029DFDAAA00641BA5 /* target_app */,
				3A5E7CCD29DFDAA100641BA5 /* shell */,
				3A5E7CD629DFE9E000641BA5 /* hook */,
				3A5E7CB429DFDA0A00641BA5 /* AppDelegate.h */,
				3A5E7CB529DFDA0A00641BA5 /* AppDelegate.m */,
				3A5E7CB729DFDA0A00641BA5 /* SceneDelegate.h */,
				3A5E7CB829DFDA0A00641BA5 /* SceneDelegate.m */,
				3A5E7CBA29DFDA0A00641BA5 /* ViewController.h */,
				3A5E7CBB29DFDA0A00641BA5 /* ViewController.m */,
				3A5E7CBD29DFDA0A00641BA5 /* Main.storyboard */,
				3A5E7CC029DFDA0C00641BA5 /* Assets.xcassets */,
				3A5E7CC229DFDA0C00641BA5 /* LaunchScreen.storyboard */,
				3A5E7CC529DFDA0C00641BA5 /* Info.plist */,
				3A5E7CC629DFDA0C00641BA5 /* main.m */,
			);
			path = iOS_reverse;
			sourceTree = "<group>";
		};
		3A5E7CCD29DFDAA100641BA5 /* shell */ = {
			isa = PBXGroup;
			children = (
				3A5E7CCE29DFDAA100641BA5 /* MyScript.sh */,
				3A5E7CEE29DFEAA200641BA5 /* compile.sh */,
			);
			path = shell;
			sourceTree = "<group>";
		};
		3A5E7CD029DFDAAA00641BA5 /* target_app */ = {
			isa = PBXGroup;
			children = (
			);
			path = target_app;
			sourceTree = "<group>";
		};
		3A5E7CD629DFE9E000641BA5 /* hook */ = {
			isa = PBXGroup;
			children = (
				3A5E7D1829DFFEF400641BA5 /* fishhook.c */,
				3A5E7D1329DFFEF400641BA5 /* fishhook.h */,
				3A5E7D1B29DFFEF400641BA5 /* inject.m */,
				3A5E7D2729E0254600641BA5 /* Hook_objc.h */,
				3A5E7D2829E0254600641BA5 /* Hook_objc.m */,
				3A5E7D2A29E027B500641BA5 /* Hook_C.h */,
				3A5E7D2B29E027B500641BA5 /* Hook_C.c */,
			);
			path = hook;
			sourceTree = "<group>";
		};
/* End PBXGroup section */

/* Begin PBXNativeTarget section */
		3A5E7CB029DFDA0A00641BA5 /* iOS_reverse */ = {
			isa = PBXNativeTarget;
			buildConfigurationList = 3A5E7CCA29DFDA0C00641BA5 /* Build configuration list for PBXNativeTarget "iOS_reverse" */;
			buildPhases = (
				3A5E7CAD29DFDA0A00641BA5 /* Sources */,
				3A5E7CAE29DFDA0A00641BA5 /* Frameworks */,
				3A5E7CAF29DFDA0A00641BA5 /* Resources */,
				3A5E7CD529DFDF9200641BA5 /* ShellScript */,
			);
			buildRules = (
			);
			dependencies = (
			);
			name = iOS_reverse;
			productName = iOS_reverse;
			productReference = 3A5E7CB129DFDA0A00641BA5 /* iOS_reverse.app */;
			productType = "com.apple.product-type.application";
		};
/* End PBXNativeTarget section */

/* Begin PBXProject section */
		3A5E7CA929DFDA0A00641BA5 /* Project object */ = {
			isa = PBXProject;
			attributes = {
				BuildIndependentTargetsInParallel = 1;
				LastUpgradeCheck = 1430;
				TargetAttributes = {
					3A5E7CB029DFDA0A00641BA5 = {
						CreatedOnToolsVersion = 14.3;
					};
				};
			};
			buildConfigurationList = 3A5E7CAC29DFDA0A00641BA5 /* Build configuration list for PBXProject "iOS_reverse" */;
			compatibilityVersion = "Xcode 14.0";
			developmentRegion = en;
			hasScannedForEncodings = 0;
			knownRegions = (
				en,
				Base,
			);
			mainGroup = 3A5E7CA829DFDA0A00641BA5;
			productRefGroup = 3A5E7CB229DFDA0A00641BA5 /* Products */;
			projectDirPath = "";
			projectRoot = "";
			targets = (
				3A5E7CB029DFDA0A00641BA5 /* iOS_reverse */,
			);
		};
/* End PBXProject section */

/* Begin PBXResourcesBuildPhase section */
		3A5E7CAF29DFDA0A00641BA5 /* Resources */ = {
			isa = PBXResourcesBuildPhase;
			buildActionMask = 2147483647;
			files = (
				3A5E7CC429DFDA0C00641BA5 /* LaunchScreen.storyboard in Resources */,
				3A5E7CC129DFDA0C00641BA5 /* Assets.xcassets in Resources */,
				3A5E7CBF29DFDA0A00641BA5 /* Main.storyboard in Resources */,
				3A5E7CCF29DFDAA100641BA5 /* MyScript.sh in Resources */,
			);
			runOnlyForDeploymentPostprocessing = 0;
		};
/* End PBXResourcesBuildPhase section */

/* Begin PBXShellScriptBuildPhase section */
		3A5E7CD529DFDF9200641BA5 /* ShellScript */ = {
			isa = PBXShellScriptBuildPhase;
			buildActionMask = 2147483647;
			files = (
			);
			inputFileListPaths = (
			);
			inputPaths = (
			);
			outputFileListPaths = (
			);
			outputPaths = (
			);
			runOnlyForDeploymentPostprocessing = 0;
			shellPath = /bin/sh;
			shellScript = "# Type a script or drag a script file from your workspace to insert its path.\n${SRCROOT}/iOS_reverse/shell/compile.sh\n${SRCROOT}/iOS_reverse/shell/MyScript.sh\n";
		};
/* End PBXShellScriptBuildPhase section */

/* Begin PBXSourcesBuildPhase section */
		3A5E7CAD29DFDA0A00641BA5 /* Sources */ = {
			isa = PBXSourcesBuildPhase;
			buildActionMask = 2147483647;
			files = (
				3A5E7CBC29DFDA0A00641BA5 /* ViewController.m in Sources */,
				3A5E7CB629DFDA0A00641BA5 /* AppDelegate.m in Sources */,
				3A5E7D2C29E027B500641BA5 /* Hook_C.c in Sources */,
				3A5E7D2329DFFEF400641BA5 /* fishhook.c in Sources */,
				3A5E7CC729DFDA0C00641BA5 /* main.m in Sources */,
				3A5E7CB929DFDA0A00641BA5 /* SceneDelegate.m in Sources */,
				3A5E7D2929E0254600641BA5 /* Hook_objc.m in Sources */,
				3A5E7D2529DFFEF400641BA5 /* inject.m in Sources */,
			);
			runOnlyForDeploymentPostprocessing = 0;
		};
/* End PBXSourcesBuildPhase section */

/* Begin PBXVariantGroup section */
		3A5E7CBD29DFDA0A00641BA5 /* Main.storyboard */ = {
			isa = PBXVariantGroup;
			children = (
				3A5E7CBE29DFDA0A00641BA5 /* Base */,
			);
			name = Main.storyboard;
			sourceTree = "<group>";
		};
		3A5E7CC229DFDA0C00641BA5 /* LaunchScreen.storyboard */ = {
			isa = PBXVariantGroup;
			children = (
				3A5E7CC329DFDA0C00641BA5 /* Base */,
			);
			name = LaunchScreen.storyboard;
			sourceTree = "<group>";
		};
/* End PBXVariantGroup section */

/* Begin XCBuildConfiguration section */
		3A5E7CC829DFDA0C00641BA5 /* Debug */ = {
			isa = XCBuildConfiguration;
			buildSettings = {
				ALWAYS_SEARCH_USER_PATHS = NO;
				CLANG_ANALYZER_NONNULL = YES;
				CLANG_ANALYZER_NUMBER_OBJECT_CONVERSION = YES_AGGRESSIVE;
				CLANG_CXX_LANGUAGE_STANDARD = "gnu++20";
				CLANG_ENABLE_MODULES = YES;
				CLANG_ENABLE_OBJC_ARC = YES;
				CLANG_ENABLE_OBJC_WEAK = YES;
				CLANG_WARN_BLOCK_CAPTURE_AUTORELEASING = YES;
				CLANG_WARN_BOOL_CONVERSION = YES;
				CLANG_WARN_COMMA = YES;
				CLANG_WARN_CONSTANT_CONVERSION = YES;
				CLANG_WARN_DEPRECATED_OBJC_IMPLEMENTATIONS = YES;
				CLANG_WARN_DIRECT_OBJC_ISA_USAGE = YES_ERROR;
				CLANG_WARN_DOCUMENTATION_COMMENTS = YES;
				CLANG_WARN_EMPTY_BODY = YES;
				CLANG_WARN_ENUM_CONVERSION = YES;
				CLANG_WARN_INFINITE_RECURSION = YES;
				CLANG_WARN_INT_CONVERSION = YES;
				CLANG_WARN_NON_LITERAL_NULL_CONVERSION = YES;
				CLANG_WARN_OBJC_IMPLICIT_RETAIN_SELF = YES;
				CLANG_WARN_OBJC_LITERAL_CONVERSION = YES;
				CLANG_WARN_OBJC_ROOT_CLASS = YES_ERROR;
				CLANG_WARN_QUOTED_INCLUDE_IN_FRAMEWORK_HEADER = YES;
				CLANG_WARN_RANGE_LOOP_ANALYSIS = YES;
				CLANG_WARN_STRICT_PROTOTYPES = YES;
				CLANG_WARN_SUSPICIOUS_MOVE = YES;
				CLANG_WARN_UNGUARDED_AVAILABILITY = YES_AGGRESSIVE;
				CLANG_WARN_UNREACHABLE_CODE = YES;
				CLANG_WARN__DUPLICATE_METHOD_MATCH = YES;
				COPY_PHASE_STRIP = NO;
				DEBUG_INFORMATION_FORMAT = dwarf;
				ENABLE_STRICT_OBJC_MSGSEND = YES;
				ENABLE_TESTABILITY = YES;
				GCC_C_LANGUAGE_STANDARD = gnu11;
				GCC_DYNAMIC_NO_PIC = NO;
				GCC_NO_COMMON_BLOCKS = YES;
				GCC_OPTIMIZATION_LEVEL = 0;
				GCC_PREPROCESSOR_DEFINITIONS = (
					"DEBUG=1",
					"$(inherited)",
				);
				GCC_WARN_64_TO_32_BIT_CONVERSION = YES;
				GCC_WARN_ABOUT_RETURN_TYPE = YES_ERROR;
				GCC_WARN_UNDECLARED_SELECTOR = YES;
				GCC_WARN_UNINITIALIZED_AUTOS = YES_AGGRESSIVE;
				GCC_WARN_UNUSED_FUNCTION = YES;
				GCC_WARN_UNUSED_VARIABLE = YES;
				IPHONEOS_DEPLOYMENT_TARGET = 13.1;
				MTL_ENABLE_DEBUG_INFO = INCLUDE_SOURCE;
				MTL_FAST_MATH = YES;
				ONLY_ACTIVE_ARCH = YES;
				SDKROOT = iphoneos;
			};
			name = Debug;
		};
		3A5E7CC929DFDA0C00641BA5 /* Release */ = {
			isa = XCBuildConfiguration;
			buildSettings = {
				ALWAYS_SEARCH_USER_PATHS = NO;
				CLANG_ANALYZER_NONNULL = YES;
				CLANG_ANALYZER_NUMBER_OBJECT_CONVERSION = YES_AGGRESSIVE;
				CLANG_CXX_LANGUAGE_STANDARD = "gnu++20";
				CLANG_ENABLE_MODULES = YES;
				CLANG_ENABLE_OBJC_ARC = YES;
				CLANG_ENABLE_OBJC_WEAK = YES;
				CLANG_WARN_BLOCK_CAPTURE_AUTORELEASING = YES;
				CLANG_WARN_BOOL_CONVERSION = YES;
				CLANG_WARN_COMMA = YES;
				CLANG_WARN_CONSTANT_CONVERSION = YES;
				CLANG_WARN_DEPRECATED_OBJC_IMPLEMENTATIONS = YES;
				CLANG_WARN_DIRECT_OBJC_ISA_USAGE = YES_ERROR;
				CLANG_WARN_DOCUMENTATION_COMMENTS = YES;
				CLANG_WARN_EMPTY_BODY = YES;
				CLANG_WARN_ENUM_CONVERSION = YES;
				CLANG_WARN_INFINITE_RECURSION = YES;
				CLANG_WARN_INT_CONVERSION = YES;
				CLANG_WARN_NON_LITERAL_NULL_CONVERSION = YES;
				CLANG_WARN_OBJC_IMPLICIT_RETAIN_SELF = YES;
				CLANG_WARN_OBJC_LITERAL_CONVERSION = YES;
				CLANG_WARN_OBJC_ROOT_CLASS = YES_ERROR;
				CLANG_WARN_QUOTED_INCLUDE_IN_FRAMEWORK_HEADER = YES;
				CLANG_WARN_RANGE_LOOP_ANALYSIS = YES;
				CLANG_WARN_STRICT_PROTOTYPES = YES;
				CLANG_WARN_SUSPICIOUS_MOVE = YES;
				CLANG_WARN_UNGUARDED_AVAILABILITY = YES_AGGRESSIVE;
				CLANG_WARN_UNREACHABLE_CODE = YES;
				CLANG_WARN__DUPLICATE_METHOD_MATCH = YES;
				COPY_PHASE_STRIP = NO;
				DEBUG_INFORMATION_FORMAT = "dwarf-with-dsym";
				ENABLE_NS_ASSERTIONS = NO;
				ENABLE_STRICT_OBJC_MSGSEND = YES;
				GCC_C_LANGUAGE_STANDARD = gnu11;
				GCC_NO_COMMON_BLOCKS = YES;
				GCC_WARN_64_TO_32_BIT_CONVERSION = YES;
				GCC_WARN_ABOUT_RETURN_TYPE = YES_ERROR;
				GCC_WARN_UNDECLARED_SELECTOR = YES;
				GCC_WARN_UNINITIALIZED_AUTOS = YES_AGGRESSIVE;
				GCC_WARN_UNUSED_FUNCTION = YES;
				GCC_WARN_UNUSED_VARIABLE = YES;
				IPHONEOS_DEPLOYMENT_TARGET = 13.1;
				MTL_ENABLE_DEBUG_INFO = NO;
				MTL_FAST_MATH = YES;
				SDKROOT = iphoneos;
				VALIDATE_PRODUCT = YES;
			};
			name = Release;
		};
		3A5E7CCB29DFDA0C00641BA5 /* Debug */ = {
			isa = XCBuildConfiguration;
			buildSettings = {
				ASSETCATALOG_COMPILER_APPICON_NAME = AppIcon;
				ASSETCATALOG_COMPILER_GLOBAL_ACCENT_COLOR_NAME = AccentColor;
				CODE_SIGN_STYLE = Automatic;
				CURRENT_PROJECT_VERSION = 1;
				DEVELOPMENT_TEAM = 5YBWG2X244;
				GENERATE_INFOPLIST_FILE = YES;
				INFOPLIST_FILE = iOS_reverse/Info.plist;
				INFOPLIST_KEY_CFBundleDisplayName = Reverse;
				INFOPLIST_KEY_UIApplicationSupportsIndirectInputEvents = YES;
				INFOPLIST_KEY_UILaunchStoryboardName = LaunchScreen;
				INFOPLIST_KEY_UIMainStoryboardFile = Main;
				INFOPLIST_KEY_UISupportedInterfaceOrientations = "UIInterfaceOrientationLandscapeRight UIInterfaceOrientationPortrait";
				INFOPLIST_KEY_UISupportedInterfaceOrientations_iPad = "UIInterfaceOrientationLandscapeLeft UIInterfaceOrientationLandscapeRight UIInterfaceOrientationPortrait UIInterfaceOrientationPortraitUpsideDown";
				LD_RUNPATH_SEARCH_PATHS = (
					"$(inherited)",
					"@executable_path/Frameworks",
				);
				MARKETING_VERSION = 1.0;
				PRODUCT_BUNDLE_IDENTIFIER = com.tencent.xin;
				PRODUCT_NAME = "$(TARGET_NAME)";
				SUPPORTED_PLATFORMS = "iphoneos iphonesimulator";
				SUPPORTS_MACCATALYST = NO;
				SUPPORTS_MAC_DESIGNED_FOR_IPHONE_IPAD = NO;
				SWIFT_EMIT_LOC_STRINGS = YES;
				TARGETED_DEVICE_FAMILY = 1;
			};
			name = Debug;
		};
		3A5E7CCC29DFDA0C00641BA5 /* Release */ = {
			isa = XCBuildConfiguration;
			buildSettings = {
				ASSETCATALOG_COMPILER_APPICON_NAME = AppIcon;
				ASSETCATALOG_COMPILER_GLOBAL_ACCENT_COLOR_NAME = AccentColor;
				CODE_SIGN_STYLE = Automatic;
				CURRENT_PROJECT_VERSION = 1;
				DEVELOPMENT_TEAM = 5YBWG2X244;
				GENERATE_INFOPLIST_FILE = YES;
				INFOPLIST_FILE = iOS_reverse/Info.plist;
				INFOPLIST_KEY_CFBundleDisplayName = Reverse;
				INFOPLIST_KEY_UIApplicationSupportsIndirectInputEvents = YES;
				INFOPLIST_KEY_UILaunchStoryboardName = LaunchScreen;
				INFOPLIST_KEY_UIMainStoryboardFile = Main;
				INFOPLIST_KEY_UISupportedInterfaceOrientations = "UIInterfaceOrientationLandscapeRight UIInterfaceOrientationPortrait";
				INFOPLIST_KEY_UISupportedInterfaceOrientations_iPad = "UIInterfaceOrientationLandscapeLeft UIInterfaceOrientationLandscapeRight UIInterfaceOrientationPortrait UIInterfaceOrientationPortraitUpsideDown";
				LD_RUNPATH_SEARCH_PATHS = (
					"$(inherited)",
					"@executable_path/Frameworks",
				);
				MARKETING_VERSION = 1.0;
				PRODUCT_BUNDLE_IDENTIFIER = com.tencent.xin;
				PRODUCT_NAME = "$(TARGET_NAME)";
				SUPPORTED_PLATFORMS = "iphoneos iphonesimulator";
				SUPPORTS_MACCATALYST = NO;
				SUPPORTS_MAC_DESIGNED_FOR_IPHONE_IPAD = NO;
				SWIFT_EMIT_LOC_STRINGS = YES;
				TARGETED_DEVICE_FAMILY = 1;
			};
			name = Release;
		};
/* End XCBuildConfiguration section */

/* Begin XCConfigurationList section */
		3A5E7CAC29DFDA0A00641BA5 /* Build configuration list for PBXProject "iOS_reverse" */ = {
			isa = XCConfigurationList;
			buildConfigurations = (
				3A5E7CC829DFDA0C00641BA5 /* Debug */,
				3A5E7CC929DFDA0C00641BA5 /* Release */,
			);
			defaultConfigurationIsVisible = 0;
			defaultConfigurationName = Release;
		};
		3A5E7CCA29DFDA0C00641BA5 /* Build configuration list for PBXNativeTarget "iOS_reverse" */ = {
			isa = XCConfigurationList;
			buildConfigurations = (
				3A5E7CCB29DFDA0C00641BA5 /* Debug */,
				3A5E7CCC29DFDA0C00641BA5 /* Release */,
			);
			defaultConfigurationIsVisible = 0;
			defaultConfigurationName = Release;
		};
/* End XCConfigurationList section */
	};
	rootObject = 3A5E7CA929DFDA0A00641BA5 /* Project object */;
}
